
Microsoft Visual Studio Solution File, Format Version 12.00
# Visual Studio Version 16
VisualStudioVersion = 16.0.31410.357
MinimumVisualStudioVersion = 10.0.40219.1
Project("{FAE04EC0-301F-11D3-BF4B-00C04F79EFBC}") = "Blackjack-Card-Counter", "Blackjack-Card-Counter\Blackjack-Card-Counter.csproj", "{215F76BC-4DC4-47C4-A99E-99FD69E671B2}"
EndProject
Global
	GlobalSection(SolutionConfigurationPlatforms) = preSolution
		Debug|Any CPU = Debug|Any CPU
		Release|Any CPU = Release|Any CPU
	EndGlobalSection
	GlobalSection(ProjectConfigurationPlatforms) = postSolution
		{215F76BC-4DC4-47C4-A99E-99FD69E671B2}.Debug|Any CPU.ActiveCfg = Debug|Any CPU
		{215F76BC-4DC4-47C4-A99E-99FD69E671B2}.Debug|Any CPU.Build.0 = Debug|Any CPU
		{215F76BC-4DC4-47C4-A99E-99FD69E671B2}.Release|Any CPU.ActiveCfg = Release|Any CPU
		{215F76BC-4DC4-47C4-A99E-99FD69E671B2}.Release|Any CPU.Build.0 = Release|Any CPU
	EndGlobalSection
	GlobalSection(SolutionProperties) = preSolution
		HideSolutionNode = FALSE
	EndGlobalSection
	GlobalSection(ExtensibilityGlobals) = postSolution
		SolutionGuid = {07C5A371-B7FF-4BDF-B0AF-0A0F15B1936C}
	EndGlobalSection
EndGlobal
